# THIS IS AN AUTOGENERATED FILE. DO NOT EDIT THIS FILE DIRECTLY.
# yarn lockfile v1


"@intouchgroup/es2020-boilerplate@0.1.0":
  version "0.1.0"
  resolved "https://registry.yarnpkg.com/@intouchgroup/es2020-boilerplate/-/es2020-boilerplate-0.1.0.tgz#54f594027dd787b7ee4843213de1e875db1558c9"
  integrity sha512-+mqGDZkxii2lHiTrkXsiTXj2WbJ//Jj847+uCY0JcCBscXpLaZLCPWbNBH5JVJeYokfTbSI4PTAbDJxTnpirSw==

core-js@3.6.4:
  version "3.6.4"
  resolved "https://registry.yarnpkg.com/core-js/-/core-js-3.6.4.tgz#440a83536b458114b9cb2ac1580ba377dc470647"
  integrity sha512-4paDGScNgZP2IXXilaffL9X7968RuvwlkK3xWtZRVqgd8SYNiVKRJvkFd1aqqEuPfN7E68ZHEp9hDj6lHj4Hyw==
